
Microsoft Visual Studio Solution File, Format Version 12.00
# Visual Studio Version 17
VisualStudioVersion = 17.4.33213.308
MinimumVisualStudioVersion = 10.0.40219.1
Project("{9A19103F-16F7-4668-BE54-9A1E7A4F7556}") = "test-os", "test-os\test-os.csproj", "{7B47406F-1F46-4271-8861-157E0E001E5B}"
EndProject
Project("{FAE04EC0-301F-11D3-BF4B-00C04F79EFBC}") = "tests", "tests\tests.csproj", "{8A1817ED-5C99-48F2-A778-EB9002FB968A}"
EndProject
Global
	GlobalSection(SolutionConfigurationPlatforms) = preSolution
		Debug|Any CPU = Debug|Any CPU
		Release|Any CPU = Release|Any CPU
	EndGlobalSection
	GlobalSection(ProjectConfigurationPlatforms) = postSolution
		{7B47406F-1F46-4271-8861-157E0E001E5B}.Debug|Any CPU.ActiveCfg = Debug|Any CPU
		{7B47406F-1F46-4271-8861-157E0E001E5B}.Debug|Any CPU.Build.0 = Debug|Any CPU
		{7B47406F-1F46-4271-8861-157E0E001E5B}.Release|Any CPU.ActiveCfg = Release|Any CPU
		{7B47406F-1F46-4271-8861-157E0E001E5B}.Release|Any CPU.Build.0 = Release|Any CPU
		{8A1817ED-5C99-48F2-A778-EB9002FB968A}.Debug|Any CPU.ActiveCfg = Debug|Any CPU
		{8A1817ED-5C99-48F2-A778-EB9002FB968A}.Debug|Any CPU.Build.0 = Debug|Any CPU
		{8A1817ED-5C99-48F2-A778-EB9002FB968A}.Release|Any CPU.ActiveCfg = Release|Any CPU
		{8A1817ED-5C99-48F2-A778-EB9002FB968A}.Release|Any CPU.Build.0 = Release|Any CPU
	EndGlobalSection
	GlobalSection(SolutionProperties) = preSolution
		HideSolutionNode = FALSE
	EndGlobalSection
	GlobalSection(ExtensibilityGlobals) = postSolution
		SolutionGuid = {B8D5B539-73E0-45EA-882A-7BB3692EC904}
	EndGlobalSection
EndGlobal
